
Microsoft Visual Studio Solution File, Format Version 12.00
# Visual Studio 14
VisualStudioVersion = 14.0.25123.0
MinimumVisualStudioVersion = 10.0.40219.1
Project("{FAE04EC0-301F-11D3-BF4B-00C04F79EFBC}") = "SezameExample", "SezameExample\SezameExample.csproj", "{382A7386-3DD1-4805-886A-AC082A9950FD}"
EndProject
Project("{FAE04EC0-301F-11D3-BF4B-00C04F79EFBC}") = "Sezame", "..\..\..\..\Desktop\dotnet\Sezame\Sezame.csproj", "{031F8482-879F-4F51-8F67-7AF1EFD390DB}"
EndProject
Global
	GlobalSection(SolutionConfigurationPlatforms) = preSolution
		Debug|Any CPU = Debug|Any CPU
		Release|Any CPU = Release|Any CPU
	EndGlobalSection
	GlobalSection(ProjectConfigurationPlatforms) = postSolution
		{382A7386-3DD1-4805-886A-AC082A9950FD}.Debug|Any CPU.ActiveCfg = Debug|Any CPU
		{382A7386-3DD1-4805-886A-AC082A9950FD}.Debug|Any CPU.Build.0 = Debug|Any CPU
		{382A7386-3DD1-4805-886A-AC082A9950FD}.Release|Any CPU.ActiveCfg = Release|Any CPU
		{382A7386-3DD1-4805-886A-AC082A9950FD}.Release|Any CPU.Build.0 = Release|Any CPU
		{031F8482-879F-4F51-8F67-7AF1EFD390DB}.Debug|Any CPU.ActiveCfg = Debug|Any CPU
		{031F8482-879F-4F51-8F67-7AF1EFD390DB}.Debug|Any CPU.Build.0 = Debug|Any CPU
		{031F8482-879F-4F51-8F67-7AF1EFD390DB}.Release|Any CPU.ActiveCfg = Release|Any CPU
		{031F8482-879F-4F51-8F67-7AF1EFD390DB}.Release|Any CPU.Build.0 = Release|Any CPU
	EndGlobalSection
	GlobalSection(SolutionProperties) = preSolution
		HideSolutionNode = FALSE
	EndGlobalSection
EndGlobal
